// !$*UTF8*$!
{
	archiveVersion = 1;
	classes = {
	};
	objectVersion = 46;
	objects = {

/* Begin PBXBuildFile section */
		79CDE47B1DA8B358007D5DB7 /* LogHelper.m in Sources */ = {isa = PBXBuildFile; fileRef = 79CDE47A1DA8B358007D5DB7 /* LogHelper.m */; };
		79CDE47D1DA8B3D9007D5DB7 /* LogHelper.h in Headers */ = {isa = PBXBuildFile; fileRef = 79CDE4791DA8B358007D5DB7 /* LogHelper.h */; settings = {ATTRIBUTES = (Public, ); }; };
		79CDE4841DA8B8C4007D5DB7 /* StringHelper.h in Headers */ = {isa = PBXBuildFile; fileRef = 79CDE4821DA8B8C4007D5DB7 /* StringHelper.h */; settings = {ATTRIBUTES = (Public, ); }; };
		79CDE4851DA8B8C4007D5DB7 /* StringHelper.m in Sources */ = {isa = PBXBuildFile; fileRef = 79CDE4831DA8B8C4007D5DB7 /* StringHelper.m */; };
		79CDE4861DA8B9AA007D5DB7 /* LogHelper.h in CopyFiles */ = {isa = PBXBuildFile; fileRef = 79CDE4791DA8B358007D5DB7 /* LogHelper.h */; };
		79CDE4881DA8B9E0007D5DB7 /* StringHelper.h in CopyFiles */ = {isa = PBXBuildFile; fileRef = 79CDE4821DA8B8C4007D5DB7 /* StringHelper.h */; };
/* End PBXBuildFile section */

/* Begin PBXCopyFilesBuildPhase section */
		79CDE46B1DA8B332007D5DB7 /* CopyFiles */ = {
			isa = PBXCopyFilesBuildPhase;
			buildActionMask = 2147483647;
			dstPath = "include/$(PRODUCT_NAME)";
			dstSubfolderSpec = 16;
			files = (
				79CDE4861DA8B9AA007D5DB7 /* LogHelper.h in CopyFiles */,
			);
			runOnlyForDeploymentPostprocessing = 0;
		};
		79CDE4871DA8B9B7007D5DB7 /* CopyFiles */ = {
			isa = PBXCopyFilesBuildPhase;
			buildActionMask = 2147483647;
			dstPath = "include/$(PRODUCT_NAME)/Data";
			dstSubfolderSpec = 16;
			files = (
				79CDE4881DA8B9E0007D5DB7 /* StringHelper.h in CopyFiles */,
			);
			runOnlyForDeploymentPostprocessing = 0;
		};
/* End PBXCopyFilesBuildPhase section */

/* Begin PBXFileReference section */
		79CDE46D1DA8B332007D5DB7 /* libCocoaTouchStaticLib.a */ = {isa = PBXFileReference; explicitFileType = archive.ar; includeInIndex = 0; path = libCocoaTouchStaticLib.a; sourceTree = BUILT_PRODUCTS_DIR; };
		79CDE4791DA8B358007D5DB7 /* LogHelper.h */ = {isa = PBXFileReference; fileEncoding = 4; lastKnownFileType = sourcecode.c.h; path = LogHelper.h; sourceTree = "<group>"; };
		79CDE47A1DA8B358007D5DB7 /* LogHelper.m */ = {isa = PBXFileReference; fileEncoding = 4; lastKnownFileType = sourcecode.c.objc; path = LogHelper.m; sourceTree = "<group>"; };
		79CDE4821DA8B8C4007D5DB7 /* StringHelper.h */ = {isa = PBXFileReference; fileEncoding = 4; lastKnownFileType = sourcecode.c.h; path = StringHelper.h; sourceTree = "<group>"; };
		79CDE4831DA8B8C4007D5DB7 /* StringHelper.m */ = {isa = PBXFileReference; fileEncoding = 4; lastKnownFileType = sourcecode.c.objc; path = StringHelper.m; sourceTree = "<group>"; };
		79CDE4971DA8CE5F007D5DB7 /* README.MD */ = {isa = PBXFileReference; fileEncoding = 4; lastKnownFileType = net.daringfireball.markdown; path = README.MD; sourceTree = "<group>"; };
/* End PBXFileReference section */

/* Begin PBXFrameworksBuildPhase section */
		79CDE46A1DA8B332007D5DB7 /* Frameworks */ = {
			isa = PBXFrameworksBuildPhase;
			buildActionMask = 2147483647;
			files = (
			);
			runOnlyForDeploymentPostprocessing = 0;
		};
/* End PBXFrameworksBuildPhase section */

/* Begin PBXGroup section */
		79CDE4641DA8B332007D5DB7 = {
			isa = PBXGroup;
			children = (
				79CDE46F1DA8B332007D5DB7 /* CocoaTouchStaticLib */,
				79CDE46E1DA8B332007D5DB7 /* Products */,
			);
			sourceTree = "<group>";
		};
		79CDE46E1DA8B332007D5DB7 /* Products */ = {
			isa = PBXGroup;
			children = (
				79CDE46D1DA8B332007D5DB7 /* libCocoaTouchStaticLib.a */,
			);
			name = Products;
			sourceTree = "<group>";
		};
		79CDE46F1DA8B332007D5DB7 /* CocoaTouchStaticLib */ = {
			isa = PBXGroup;
			children = (
				79CDE4971DA8CE5F007D5DB7 /* README.MD */,
				79CDE4811DA8B89F007D5DB7 /* Data */,
				79CDE4791DA8B358007D5DB7 /* LogHelper.h */,
				79CDE47A1DA8B358007D5DB7 /* LogHelper.m */,
			);
			path = CocoaTouchStaticLib;
			sourceTree = "<group>";
		};
		79CDE4811DA8B89F007D5DB7 /* Data */ = {
			isa = PBXGroup;
			children = (
				79CDE4821DA8B8C4007D5DB7 /* StringHelper.h */,
				79CDE4831DA8B8C4007D5DB7 /* StringHelper.m */,
			);
			path = Data;
			sourceTree = "<group>";
		};
/* End PBXGroup section */

/* Begin PBXHeadersBuildPhase section */
		79CDE47C1DA8B3C6007D5DB7 /* Headers */ = {
			isa = PBXHeadersBuildPhase;
			buildActionMask = 2147483647;
			files = (
				79CDE4841DA8B8C4007D5DB7 /* StringHelper.h in Headers */,
				79CDE47D1DA8B3D9007D5DB7 /* LogHelper.h in Headers */,
			);
			runOnlyForDeploymentPostprocessing = 0;
		};
/* End PBXHeadersBuildPhase section */

/* Begin PBXNativeTarget section */
		79CDE46C1DA8B332007D5DB7 /* CocoaTouchStaticLib */ = {
			isa = PBXNativeTarget;
			buildConfigurationList = 79CDE4761DA8B332007D5DB7 /* Build configuration list for PBXNativeTarget "CocoaTouchStaticLib" */;
			buildPhases = (
				79CDE4691DA8B332007D5DB7 /* Sources */,
				79CDE46A1DA8B332007D5DB7 /* Frameworks */,
				79CDE46B1DA8B332007D5DB7 /* CopyFiles */,
				79CDE47C1DA8B3C6007D5DB7 /* Headers */,
				79CDE4871DA8B9B7007D5DB7 /* CopyFiles */,
			);
			buildRules = (
			);
			dependencies = (
			);
			name = CocoaTouchStaticLib;
			productName = CocoaTouchStaticLib;
			productReference = 79CDE46D1DA8B332007D5DB7 /* libCocoaTouchStaticLib.a */;
			productType = "com.apple.product-type.library.static";
		};
/* End PBXNativeTarget section */

/* Begin PBXProject section */
		79CDE4651DA8B332007D5DB7 /* Project object */ = {
			isa = PBXProject;
			attributes = {
				LastUpgradeCheck = 0800;
				ORGANIZATIONNAME = richard;
				TargetAttributes = {
					79CDE46C1DA8B332007D5DB7 = {
						CreatedOnToolsVersion = 8.0;
						ProvisioningStyle = Automatic;
					};
				};
			};
			buildConfigurationList = 79CDE4681DA8B332007D5DB7 /* Build configuration list for PBXProject "CocoaTouchStaticLib" */;
			compatibilityVersion = "Xcode 3.2";
			developmentRegion = English;
			hasScannedForEncodings = 0;
			knownRegions = (
				en,
			);
			mainGroup = 79CDE4641DA8B332007D5DB7;
			productRefGroup = 79CDE46E1DA8B332007D5DB7 /* Products */;
			projectDirPath = "";
			projectRoot = "";
			targets = (
				79CDE46C1DA8B332007D5DB7 /* CocoaTouchStaticLib */,
			);
		};
/* End PBXProject section */

/* Begin PBXSourcesBuildPhase section */
		79CDE4691DA8B332007D5DB7 /* Sources */ = {
			isa = PBXSourcesBuildPhase;
			buildActionMask = 2147483647;
			files = (
				79CDE4851DA8B8C4007D5DB7 /* StringHelper.m in Sources */,
				79CDE47B1DA8B358007D5DB7 /* LogHelper.m in Sources */,
			);
			runOnlyForDeploymentPostprocessing = 0;
		};
/* End PBXSourcesBuildPhase section */

/* Begin XCBuildConfiguration section */
		79CDE4741DA8B332007D5DB7 /* Debug */ = {
			isa = XCBuildConfiguration;
			buildSettings = {
				ALWAYS_SEARCH_USER_PATHS = NO;
				CLANG_ANALYZER_NONNULL = YES;
				CLANG_CXX_LANGUAGE_STANDARD = "gnu++0x";
				CLANG_CXX_LIBRARY = "libc++";
				CLANG_ENABLE_MODULES = YES;
				CLANG_ENABLE_OBJC_ARC = YES;
				CLANG_WARN_BOOL_CONVERSION = YES;
				CLANG_WARN_CONSTANT_CONVERSION = YES;
				CLANG_WARN_DIRECT_OBJC_ISA_USAGE = YES_ERROR;
				CLANG_WARN_DOCUMENTATION_COMMENTS = YES;
				CLANG_WARN_EMPTY_BODY = YES;
				CLANG_WARN_ENUM_CONVERSION = YES;
				CLANG_WARN_INFINITE_RECURSION = YES;
				CLANG_WARN_INT_CONVERSION = YES;
				CLANG_WARN_OBJC_ROOT_CLASS = YES_ERROR;
				CLANG_WARN_SUSPICIOUS_MOVES = YES;
				CLANG_WARN_UNREACHABLE_CODE = YES;
				CLANG_WARN__DUPLICATE_METHOD_MATCH = YES;
				"CODE_SIGN_IDENTITY[sdk=iphoneos*]" = "iPhone Developer";
				COPY_PHASE_STRIP = NO;
				DEBUG_INFORMATION_FORMAT = dwarf;
				ENABLE_STRICT_OBJC_MSGSEND = YES;
				ENABLE_TESTABILITY = YES;
				GCC_C_LANGUAGE_STANDARD = gnu99;
				GCC_DYNAMIC_NO_PIC = NO;
				GCC_NO_COMMON_BLOCKS = YES;
				GCC_OPTIMIZATION_LEVEL = 0;
				GCC_PREPROCESSOR_DEFINITIONS = (
					"DEBUG=1",
					"$(inherited)",
				);
				GCC_WARN_64_TO_32_BIT_CONVERSION = YES;
				GCC_WARN_ABOUT_RETURN_TYPE = YES_ERROR;
				GCC_WARN_UNDECLARED_SELECTOR = YES;
				GCC_WARN_UNINITIALIZED_AUTOS = YES_AGGRESSIVE;
				GCC_WARN_UNUSED_FUNCTION = YES;
				GCC_WARN_UNUSED_VARIABLE = YES;
				IPHONEOS_DEPLOYMENT_TARGET = 10.0;
				MTL_ENABLE_DEBUG_INFO = YES;
				ONLY_ACTIVE_ARCH = YES;
				SDKROOT = iphoneos;
			};
			name = Debug;
		};
		79CDE4751DA8B332007D5DB7 /* Release */ = {
			isa = XCBuildConfiguration;
			buildSettings = {
				ALWAYS_SEARCH_USER_PATHS = NO;
				CLANG_ANALYZER_NONNULL = YES;
				CLANG_CXX_LANGUAGE_STANDARD = "gnu++0x";
				CLANG_CXX_LIBRARY = "libc++";
				CLANG_ENABLE_MODULES = YES;
				CLANG_ENABLE_OBJC_ARC = YES;
				CLANG_WARN_BOOL_CONVERSION = YES;
				CLANG_WARN_CONSTANT_CONVERSION = YES;
				CLANG_WARN_DIRECT_OBJC_ISA_USAGE = YES_ERROR;
				CLANG_WARN_DOCUMENTATION_COMMENTS = YES;
				CLANG_WARN_EMPTY_BODY = YES;
				CLANG_WARN_ENUM_CONVERSION = YES;
				CLANG_WARN_INFINITE_RECURSION = YES;
				CLANG_WARN_INT_CONVERSION = YES;
				CLANG_WARN_OBJC_ROOT_CLASS = YES_ERROR;
				CLANG_WARN_SUSPICIOUS_MOVES = YES;
				CLANG_WARN_UNREACHABLE_CODE = YES;
				CLANG_WARN__DUPLICATE_METHOD_MATCH = YES;
				"CODE_SIGN_IDENTITY[sdk=iphoneos*]" = "iPhone Developer";
				COPY_PHASE_STRIP = NO;
				DEBUG_INFORMATION_FORMAT = "dwarf-with-dsym";
				ENABLE_NS_ASSERTIONS = NO;
				ENABLE_STRICT_OBJC_MSGSEND = YES;
				GCC_C_LANGUAGE_STANDARD = gnu99;
				GCC_NO_COMMON_BLOCKS = YES;
				GCC_WARN_64_TO_32_BIT_CONVERSION = YES;
				GCC_WARN_ABOUT_RETURN_TYPE = YES_ERROR;
				GCC_WARN_UNDECLARED_SELECTOR = YES;
				GCC_WARN_UNINITIALIZED_AUTOS = YES_AGGRESSIVE;
				GCC_WARN_UNUSED_FUNCTION = YES;
				GCC_WARN_UNUSED_VARIABLE = YES;
				IPHONEOS_DEPLOYMENT_TARGET = 10.0;
				MTL_ENABLE_DEBUG_INFO = NO;
				SDKROOT = iphoneos;
				VALIDATE_PRODUCT = YES;
			};
			name = Release;
		};
		79CDE4771DA8B332007D5DB7 /* Debug */ = {
			isa = XCBuildConfiguration;
			buildSettings = {
				OTHER_LDFLAGS = "-ObjC";
				PRODUCT_NAME = "$(TARGET_NAME)";
				SKIP_INSTALL = YES;
			};
			name = Debug;
		};
		79CDE4781DA8B332007D5DB7 /* Release */ = {
			isa = XCBuildConfiguration;
			buildSettings = {
				OTHER_LDFLAGS = "-ObjC";
				PRODUCT_NAME = "$(TARGET_NAME)";
				SKIP_INSTALL = YES;
			};
			name = Release;
		};
/* End XCBuildConfiguration section */

/* Begin XCConfigurationList section */
		79CDE4681DA8B332007D5DB7 /* Build configuration list for PBXProject "CocoaTouchStaticLib" */ = {
			isa = XCConfigurationList;
			buildConfigurations = (
				79CDE4741DA8B332007D5DB7 /* Debug */,
				79CDE4751DA8B332007D5DB7 /* Release */,
			);
			defaultConfigurationIsVisible = 0;
			defaultConfigurationName = Release;
		};
		79CDE4761DA8B332007D5DB7 /* Build configuration list for PBXNativeTarget "CocoaTouchStaticLib" */ = {
			isa = XCConfigurationList;
			buildConfigurations = (
				79CDE4771DA8B332007D5DB7 /* Debug */,
				79CDE4781DA8B332007D5DB7 /* Release */,
			);
			defaultConfigurationIsVisible = 0;
		};
/* End XCConfigurationList section */
	};
	rootObject = 79CDE4651DA8B332007D5DB7 /* Project object */;
}
